
Microsoft Visual Studio Solution File, Format Version 12.00
# Visual Studio Version 17
VisualStudioVersion = 17.4.33103.184
MinimumVisualStudioVersion = 10.0.40219.1
Project("{FAE04EC0-301F-11D3-BF4B-00C04F79EFBC}") = "Web.Api.Health_Clinic", "Web.Api.Health_Clinic.csproj", "{448ABA5C-8147-4988-8556-CDEB4E5A7612}"
EndProject
Global
	GlobalSection(SolutionConfigurationPlatforms) = preSolution
		Debug|Any CPU = Debug|Any CPU
		Release|Any CPU = Release|Any CPU
	EndGlobalSection
	GlobalSection(ProjectConfigurationPlatforms) = postSolution
		{448ABA5C-8147-4988-8556-CDEB4E5A7612}.Debug|Any CPU.ActiveCfg = Debug|Any CPU
		{448ABA5C-8147-4988-8556-CDEB4E5A7612}.Debug|Any CPU.Build.0 = Debug|Any CPU
		{448ABA5C-8147-4988-8556-CDEB4E5A7612}.Release|Any CPU.ActiveCfg = Release|Any CPU
		{448ABA5C-8147-4988-8556-CDEB4E5A7612}.Release|Any CPU.Build.0 = Release|Any CPU
	EndGlobalSection
	GlobalSection(SolutionProperties) = preSolution
		HideSolutionNode = FALSE
	EndGlobalSection
	GlobalSection(ExtensibilityGlobals) = postSolution
		SolutionGuid = {F87DF3C9-0A48-4508-94D7-03B95A9F83FC}
	EndGlobalSection
EndGlobal
